
Microsoft Visual Studio Solution File, Format Version 12.00
# Visual Studio 15
VisualStudioVersion = 15.0.27004.2002
MinimumVisualStudioVersion = 10.0.40219.1
Project("{FAE04EC0-301F-11D3-BF4B-00C04F79EFBC}") = "Lab04FlowControl", "Lab04FlowControl\Lab04FlowControl.csproj", "{3179B29E-D8B8-4269-B4EC-378B9C5F3889}"
EndProject
Global
	GlobalSection(SolutionConfigurationPlatforms) = preSolution
		Debug|Any CPU = Debug|Any CPU
		Release|Any CPU = Release|Any CPU
	EndGlobalSection
	GlobalSection(ProjectConfigurationPlatforms) = postSolution
		{3179B29E-D8B8-4269-B4EC-378B9C5F3889}.Debug|Any CPU.ActiveCfg = Debug|Any CPU
		{3179B29E-D8B8-4269-B4EC-378B9C5F3889}.Debug|Any CPU.Build.0 = Debug|Any CPU
		{3179B29E-D8B8-4269-B4EC-378B9C5F3889}.Release|Any CPU.ActiveCfg = Release|Any CPU
		{3179B29E-D8B8-4269-B4EC-378B9C5F3889}.Release|Any CPU.Build.0 = Release|Any CPU
	EndGlobalSection
	GlobalSection(SolutionProperties) = preSolution
		HideSolutionNode = FALSE
	EndGlobalSection
	GlobalSection(ExtensibilityGlobals) = postSolution
		SolutionGuid = {DA31F398-BE36-48E4-94E1-E716921D4B34}
	EndGlobalSection
EndGlobal
